
Microsoft Visual Studio Solution File, Format Version 12.00
# Visual Studio Version 17
VisualStudioVersion = 17.9.34414.90
MinimumVisualStudioVersion = 10.0.40219.1
Project("{9A19103F-16F7-4668-BE54-9A1E7A4F7556}") = "Kcd.Api", "Kcd.API\Kcd.Api.csproj", "{6A15AD56-76E0-4AE1-B496-CA8E17D118B6}"
EndProject
Project("{9A19103F-16F7-4668-BE54-9A1E7A4F7556}") = "Kcd.Infrastructure", "Kcd.Infrastructure\Kcd.Infrastructure.csproj", "{15D6D6FD-FD9E-4262-8931-49542E850036}"
EndProject
Project("{9A19103F-16F7-4668-BE54-9A1E7A4F7556}") = "Kcd.Common", "Kcd.Common\Kcd.Common.csproj", "{D23CD697-FF2D-4079-BF09-CC697D51B720}"
EndProject
Project("{9A19103F-16F7-4668-BE54-9A1E7A4F7556}") = "Kcd.API.Tests", "Tests\Kcd.API.Tests\Kcd.API.Tests.csproj", "{411582DB-4C61-4B47-B4D5-C1C0FBD23B00}"
EndProject
Project("{2150E333-8FDC-42A3-9474-1A3956D46DE8}") = "src", "src", "{04D80F27-F25E-490E-8A52-1A1FC8CE2D2F}"
EndProject
Project("{2150E333-8FDC-42A3-9474-1A3956D46DE8}") = "tests", "tests", "{8A2F3FD5-F3E7-4A56-B533-4A80A66D9A15}"
EndProject
Project("{2150E333-8FDC-42A3-9474-1A3956D46DE8}") = "API", "API", "{4EFF2120-431A-45F5-9ADF-DBC27D61739E}"
EndProject
Project("{2150E333-8FDC-42A3-9474-1A3956D46DE8}") = "Core", "Core", "{61B6CE1E-611D-4004-9F16-9F3C7FA9907A}"
EndProject
Project("{2150E333-8FDC-42A3-9474-1A3956D46DE8}") = "Infrastructure", "Infrastructure", "{1F35C4CE-0306-417A-A54F-B3A251906952}"
EndProject
Project("{2150E333-8FDC-42A3-9474-1A3956D46DE8}") = "API", "API", "{3F26254D-F5A0-481F-89AA-D7DC1D7736D8}"
EndProject
Project("{2150E333-8FDC-42A3-9474-1A3956D46DE8}") = "Core", "Core", "{EEDA7556-AA47-46F4-AD45-23E0B341AD24}"
EndProject
Project("{2150E333-8FDC-42A3-9474-1A3956D46DE8}") = "Infrastructure", "Infrastructure", "{FE02A2C7-0587-42FF-B982-9E6276D8E7AD}"
EndProject
Project("{9A19103F-16F7-4668-BE54-9A1E7A4F7556}") = "Kcd.Core.Tests", "Tests\Kcd.Core.Tests\Kcd.Core.Tests.csproj", "{B43AD1D5-D9C6-49F1-B13F-C0171CCD553C}"
EndProject
Project("{9A19103F-16F7-4668-BE54-9A1E7A4F7556}") = "Kcd.Infrastructure.Tests", "Tests\Kcd.Infrastructure.Tests\Kcd.Infrastructure.Tests.csproj", "{E7AA88DF-858A-4473-BDE7-C87679F5FF75}"
EndProject
Project("{9A19103F-16F7-4668-BE54-9A1E7A4F7556}") = "Kcd.Persistence", "Kcd.Persistence\Kcd.Persistence.csproj", "{C8C5B109-3ACC-4636-80A1-E48245039D9E}"
EndProject
Project("{9A19103F-16F7-4668-BE54-9A1E7A4F7556}") = "Kcd.Application", "Kcd.Application\Kcd.Application.csproj", "{907EFF74-B3AD-4D08-ADA2-FDC23B13AD05}"
EndProject
Project("{9A19103F-16F7-4668-BE54-9A1E7A4F7556}") = "Kcd.Domain", "Kcd.Domain\Kcd.Domain.csproj", "{23613E46-BD49-4891-9B1C-00983BAA8C99}"
EndProject
Project("{9A19103F-16F7-4668-BE54-9A1E7A4F7556}") = "Kcd.Identity", "Kcd.Identity\Kcd.Identity.csproj", "{AEF6DB96-3CE9-4844-8096-F71807706B8A}"
EndProject
Project("{2150E333-8FDC-42A3-9474-1A3956D46DE8}") = "UI", "UI", "{19B9591C-5CC4-4B3F-8605-DA4602E1C5FF}"
EndProject
Project("{9A19103F-16F7-4668-BE54-9A1E7A4F7556}") = "Kcd.UI", "Kcd.UI\Kcd.UI.csproj", "{4C494041-40C9-43AF-AB63-5E3AAE105EA0}"
EndProject
Project("{2150E333-8FDC-42A3-9474-1A3956D46DE8}") = "benchmarks", "benchmarks", "{9ACFD4E1-0295-45E7-A168-6CB9A2DE8E9E}"
EndProject
Project("{FAE04EC0-301F-11D3-BF4B-00C04F79EFBC}") = "Kcd.Benchmarks", "Kcd.Benchmarks\Kcd.Benchmarks.csproj", "{C4046168-D62A-4E08-9DA4-810358E45FDB}"
EndProject
Project("{2150E333-8FDC-42A3-9474-1A3956D46DE8}") = "K6Performance", "K6Performance", "{8B98C2A6-8881-4B6C-9F10-3552CBABF9E5}"
	ProjectSection(SolutionItems) = preProject
		Tests\K6Performance\k6-performance-test.js = Tests\K6Performance\k6-performance-test.js
	EndProjectSection
EndProject
Global
	GlobalSection(SolutionConfigurationPlatforms) = preSolution
		Debug|Any CPU = Debug|Any CPU
		Release|Any CPU = Release|Any CPU
	EndGlobalSection
	GlobalSection(ProjectConfigurationPlatforms) = postSolution
		{6A15AD56-76E0-4AE1-B496-CA8E17D118B6}.Debug|Any CPU.ActiveCfg = Debug|Any CPU
		{6A15AD56-76E0-4AE1-B496-CA8E17D118B6}.Debug|Any CPU.Build.0 = Debug|Any CPU
		{6A15AD56-76E0-4AE1-B496-CA8E17D118B6}.Release|Any CPU.ActiveCfg = Release|Any CPU
		{6A15AD56-76E0-4AE1-B496-CA8E17D118B6}.Release|Any CPU.Build.0 = Release|Any CPU
		{15D6D6FD-FD9E-4262-8931-49542E850036}.Debug|Any CPU.ActiveCfg = Debug|Any CPU
		{15D6D6FD-FD9E-4262-8931-49542E850036}.Debug|Any CPU.Build.0 = Debug|Any CPU
		{15D6D6FD-FD9E-4262-8931-49542E850036}.Release|Any CPU.ActiveCfg = Release|Any CPU
		{15D6D6FD-FD9E-4262-8931-49542E850036}.Release|Any CPU.Build.0 = Release|Any CPU
		{D23CD697-FF2D-4079-BF09-CC697D51B720}.Debug|Any CPU.ActiveCfg = Debug|Any CPU
		{D23CD697-FF2D-4079-BF09-CC697D51B720}.Debug|Any CPU.Build.0 = Debug|Any CPU
		{D23CD697-FF2D-4079-BF09-CC697D51B720}.Release|Any CPU.ActiveCfg = Release|Any CPU
		{D23CD697-FF2D-4079-BF09-CC697D51B720}.Release|Any CPU.Build.0 = Release|Any CPU
		{411582DB-4C61-4B47-B4D5-C1C0FBD23B00}.Debug|Any CPU.ActiveCfg = Debug|Any CPU
		{411582DB-4C61-4B47-B4D5-C1C0FBD23B00}.Debug|Any CPU.Build.0 = Debug|Any CPU
		{411582DB-4C61-4B47-B4D5-C1C0FBD23B00}.Release|Any CPU.ActiveCfg = Release|Any CPU
		{411582DB-4C61-4B47-B4D5-C1C0FBD23B00}.Release|Any CPU.Build.0 = Release|Any CPU
		{B43AD1D5-D9C6-49F1-B13F-C0171CCD553C}.Debug|Any CPU.ActiveCfg = Debug|Any CPU
		{B43AD1D5-D9C6-49F1-B13F-C0171CCD553C}.Debug|Any CPU.Build.0 = Debug|Any CPU
		{B43AD1D5-D9C6-49F1-B13F-C0171CCD553C}.Release|Any CPU.ActiveCfg = Release|Any CPU
		{B43AD1D5-D9C6-49F1-B13F-C0171CCD553C}.Release|Any CPU.Build.0 = Release|Any CPU
		{E7AA88DF-858A-4473-BDE7-C87679F5FF75}.Debug|Any CPU.ActiveCfg = Debug|Any CPU
		{E7AA88DF-858A-4473-BDE7-C87679F5FF75}.Debug|Any CPU.Build.0 = Debug|Any CPU
		{E7AA88DF-858A-4473-BDE7-C87679F5FF75}.Release|Any CPU.ActiveCfg = Release|Any CPU
		{E7AA88DF-858A-4473-BDE7-C87679F5FF75}.Release|Any CPU.Build.0 = Release|Any CPU
		{C8C5B109-3ACC-4636-80A1-E48245039D9E}.Debug|Any CPU.ActiveCfg = Debug|Any CPU
		{C8C5B109-3ACC-4636-80A1-E48245039D9E}.Debug|Any CPU.Build.0 = Debug|Any CPU
		{C8C5B109-3ACC-4636-80A1-E48245039D9E}.Release|Any CPU.ActiveCfg = Release|Any CPU
		{C8C5B109-3ACC-4636-80A1-E48245039D9E}.Release|Any CPU.Build.0 = Release|Any CPU
		{907EFF74-B3AD-4D08-ADA2-FDC23B13AD05}.Debug|Any CPU.ActiveCfg = Debug|Any CPU
		{907EFF74-B3AD-4D08-ADA2-FDC23B13AD05}.Debug|Any CPU.Build.0 = Debug|Any CPU
		{907EFF74-B3AD-4D08-ADA2-FDC23B13AD05}.Release|Any CPU.ActiveCfg = Release|Any CPU
		{907EFF74-B3AD-4D08-ADA2-FDC23B13AD05}.Release|Any CPU.Build.0 = Release|Any CPU
		{23613E46-BD49-4891-9B1C-00983BAA8C99}.Debug|Any CPU.ActiveCfg = Debug|Any CPU
		{23613E46-BD49-4891-9B1C-00983BAA8C99}.Debug|Any CPU.Build.0 = Debug|Any CPU
		{23613E46-BD49-4891-9B1C-00983BAA8C99}.Release|Any CPU.ActiveCfg = Release|Any CPU
		{23613E46-BD49-4891-9B1C-00983BAA8C99}.Release|Any CPU.Build.0 = Release|Any CPU
		{AEF6DB96-3CE9-4844-8096-F71807706B8A}.Debug|Any CPU.ActiveCfg = Debug|Any CPU
		{AEF6DB96-3CE9-4844-8096-F71807706B8A}.Debug|Any CPU.Build.0 = Debug|Any CPU
		{AEF6DB96-3CE9-4844-8096-F71807706B8A}.Release|Any CPU.ActiveCfg = Release|Any CPU
		{AEF6DB96-3CE9-4844-8096-F71807706B8A}.Release|Any CPU.Build.0 = Release|Any CPU
		{4C494041-40C9-43AF-AB63-5E3AAE105EA0}.Debug|Any CPU.ActiveCfg = Debug|Any CPU
		{4C494041-40C9-43AF-AB63-5E3AAE105EA0}.Debug|Any CPU.Build.0 = Debug|Any CPU
		{4C494041-40C9-43AF-AB63-5E3AAE105EA0}.Release|Any CPU.ActiveCfg = Release|Any CPU
		{4C494041-40C9-43AF-AB63-5E3AAE105EA0}.Release|Any CPU.Build.0 = Release|Any CPU
		{C4046168-D62A-4E08-9DA4-810358E45FDB}.Debug|Any CPU.ActiveCfg = Debug|Any CPU
		{C4046168-D62A-4E08-9DA4-810358E45FDB}.Debug|Any CPU.Build.0 = Debug|Any CPU
		{C4046168-D62A-4E08-9DA4-810358E45FDB}.Release|Any CPU.ActiveCfg = Release|Any CPU
		{C4046168-D62A-4E08-9DA4-810358E45FDB}.Release|Any CPU.Build.0 = Release|Any CPU
	EndGlobalSection
	GlobalSection(SolutionProperties) = preSolution
		HideSolutionNode = FALSE
	EndGlobalSection
	GlobalSection(NestedProjects) = preSolution
		{6A15AD56-76E0-4AE1-B496-CA8E17D118B6} = {4EFF2120-431A-45F5-9ADF-DBC27D61739E}
		{15D6D6FD-FD9E-4262-8931-49542E850036} = {1F35C4CE-0306-417A-A54F-B3A251906952}
		{D23CD697-FF2D-4079-BF09-CC697D51B720} = {61B6CE1E-611D-4004-9F16-9F3C7FA9907A}
		{411582DB-4C61-4B47-B4D5-C1C0FBD23B00} = {3F26254D-F5A0-481F-89AA-D7DC1D7736D8}
		{4EFF2120-431A-45F5-9ADF-DBC27D61739E} = {04D80F27-F25E-490E-8A52-1A1FC8CE2D2F}
		{61B6CE1E-611D-4004-9F16-9F3C7FA9907A} = {04D80F27-F25E-490E-8A52-1A1FC8CE2D2F}
		{1F35C4CE-0306-417A-A54F-B3A251906952} = {04D80F27-F25E-490E-8A52-1A1FC8CE2D2F}
		{3F26254D-F5A0-481F-89AA-D7DC1D7736D8} = {8A2F3FD5-F3E7-4A56-B533-4A80A66D9A15}
		{EEDA7556-AA47-46F4-AD45-23E0B341AD24} = {8A2F3FD5-F3E7-4A56-B533-4A80A66D9A15}
		{FE02A2C7-0587-42FF-B982-9E6276D8E7AD} = {8A2F3FD5-F3E7-4A56-B533-4A80A66D9A15}
		{B43AD1D5-D9C6-49F1-B13F-C0171CCD553C} = {EEDA7556-AA47-46F4-AD45-23E0B341AD24}
		{E7AA88DF-858A-4473-BDE7-C87679F5FF75} = {FE02A2C7-0587-42FF-B982-9E6276D8E7AD}
		{C8C5B109-3ACC-4636-80A1-E48245039D9E} = {1F35C4CE-0306-417A-A54F-B3A251906952}
		{907EFF74-B3AD-4D08-ADA2-FDC23B13AD05} = {61B6CE1E-611D-4004-9F16-9F3C7FA9907A}
		{23613E46-BD49-4891-9B1C-00983BAA8C99} = {61B6CE1E-611D-4004-9F16-9F3C7FA9907A}
		{AEF6DB96-3CE9-4844-8096-F71807706B8A} = {1F35C4CE-0306-417A-A54F-B3A251906952}
		{19B9591C-5CC4-4B3F-8605-DA4602E1C5FF} = {04D80F27-F25E-490E-8A52-1A1FC8CE2D2F}
		{4C494041-40C9-43AF-AB63-5E3AAE105EA0} = {19B9591C-5CC4-4B3F-8605-DA4602E1C5FF}
		{C4046168-D62A-4E08-9DA4-810358E45FDB} = {9ACFD4E1-0295-45E7-A168-6CB9A2DE8E9E}
		{8B98C2A6-8881-4B6C-9F10-3552CBABF9E5} = {8A2F3FD5-F3E7-4A56-B533-4A80A66D9A15}
	EndGlobalSection
	GlobalSection(ExtensibilityGlobals) = postSolution
		SolutionGuid = {19FEEE85-AC35-4F7E-A6FF-D212EDB7BC5E}
	EndGlobalSection
EndGlobal
